
Microsoft Visual Studio Solution File, Format Version 12.00
# Visual Studio 15
VisualStudioVersion = 15.0.28307.1622
MinimumVisualStudioVersion = 10.0.40219.1
Project("{F184B08F-C81C-45F6-A57F-5ABD9991F28F}") = "Hospital Charges Form", "Hospital Charges Form\Hospital Charges Form.vbproj", "{BD6C2A4F-9110-4CC5-9E71-8465C5855211}"
EndProject
Global
	GlobalSection(SolutionConfigurationPlatforms) = preSolution
		Debug|Any CPU = Debug|Any CPU
		Release|Any CPU = Release|Any CPU
	EndGlobalSection
	GlobalSection(ProjectConfigurationPlatforms) = postSolution
		{BD6C2A4F-9110-4CC5-9E71-8465C5855211}.Debug|Any CPU.ActiveCfg = Debug|Any CPU
		{BD6C2A4F-9110-4CC5-9E71-8465C5855211}.Debug|Any CPU.Build.0 = Debug|Any CPU
		{BD6C2A4F-9110-4CC5-9E71-8465C5855211}.Release|Any CPU.ActiveCfg = Release|Any CPU
		{BD6C2A4F-9110-4CC5-9E71-8465C5855211}.Release|Any CPU.Build.0 = Release|Any CPU
	EndGlobalSection
	GlobalSection(SolutionProperties) = preSolution
		HideSolutionNode = FALSE
	EndGlobalSection
	GlobalSection(ExtensibilityGlobals) = postSolution
		SolutionGuid = {DF8A9F14-38AD-4371-AFE9-48CF56EAF03D}
	EndGlobalSection
EndGlobal
